// !$*UTF8*$!
{
	archiveVersion = 1;
	classes = {
	};
	objectVersion = 50;
	objects = {

/* Begin PBXBuildFile section */
		9C9BCDF5220C7A89003E996D /* TextFieldHandleTests.m in Sources */ = {isa = PBXBuildFile; fileRef = 9C9BCDF4220C7A89003E996D /* TextFieldHandleTests.m */; };
		9CEDBFBA220B3E8300FD803C /* AppDelegate.m in Sources */ = {isa = PBXBuildFile; fileRef = 9CEDBFB9220B3E8300FD803C /* AppDelegate.m */; };
		9CEDBFBD220B3E8300FD803C /* ViewController.m in Sources */ = {isa = PBXBuildFile; fileRef = 9CEDBFBC220B3E8300FD803C /* ViewController.m */; };
		9CEDBFC2220B3E8400FD803C /* Assets.xcassets in Resources */ = {isa = PBXBuildFile; fileRef = 9CEDBFC1220B3E8400FD803C /* Assets.xcassets */; };
		9CEDBFC5220B3E8400FD803C /* LaunchScreen.storyboard in Resources */ = {isa = PBXBuildFile; fileRef = 9CEDBFC3220B3E8400FD803C /* LaunchScreen.storyboard */; };
		9CEDBFC8220B3E8400FD803C /* main.m in Sources */ = {isa = PBXBuildFile; fileRef = 9CEDBFC7220B3E8400FD803C /* main.m */; };
		9CEDBFDE220B457000FD803C /* UITextFieldDelegateProxy.m in Sources */ = {isa = PBXBuildFile; fileRef = 9CEDBFDD220B457000FD803C /* UITextFieldDelegateProxy.m */; };
		9CEDBFEF220B6B9F00FD803C /* UITextField+HandleTextInput.m in Sources */ = {isa = PBXBuildFile; fileRef = 9CEDBFEE220B6B9F00FD803C /* UITextField+HandleTextInput.m */; };
/* End PBXBuildFile section */

/* Begin PBXContainerItemProxy section */
		9CEDBFE8220B530A00FD803C /* PBXContainerItemProxy */ = {
			isa = PBXContainerItemProxy;
			containerPortal = 9CEDBFAD220B3E8300FD803C /* Project object */;
			proxyType = 1;
			remoteGlobalIDString = 9CEDBFB4220B3E8300FD803C;
			remoteInfo = TextFieldHandle;
		};
/* End PBXContainerItemProxy section */

/* Begin PBXFileReference section */
		9C9BCDF4220C7A89003E996D /* TextFieldHandleTests.m */ = {isa = PBXFileReference; fileEncoding = 4; lastKnownFileType = sourcecode.c.objc; path = TextFieldHandleTests.m; sourceTree = "<group>"; };
		9CEDBFB5220B3E8300FD803C /* TextFieldHandle.app */ = {isa = PBXFileReference; explicitFileType = wrapper.application; includeInIndex = 0; path = TextFieldHandle.app; sourceTree = BUILT_PRODUCTS_DIR; };
		9CEDBFB8220B3E8300FD803C /* AppDelegate.h */ = {isa = PBXFileReference; lastKnownFileType = sourcecode.c.h; path = AppDelegate.h; sourceTree = "<group>"; };
		9CEDBFB9220B3E8300FD803C /* AppDelegate.m */ = {isa = PBXFileReference; lastKnownFileType = sourcecode.c.objc; path = AppDelegate.m; sourceTree = "<group>"; };
		9CEDBFBB220B3E8300FD803C /* ViewController.h */ = {isa = PBXFileReference; lastKnownFileType = sourcecode.c.h; path = ViewController.h; sourceTree = "<group>"; };
		9CEDBFBC220B3E8300FD803C /* ViewController.m */ = {isa = PBXFileReference; lastKnownFileType = sourcecode.c.objc; path = ViewController.m; sourceTree = "<group>"; };
		9CEDBFC1220B3E8400FD803C /* Assets.xcassets */ = {isa = PBXFileReference; lastKnownFileType = folder.assetcatalog; path = Assets.xcassets; sourceTree = "<group>"; };
		9CEDBFC4220B3E8400FD803C /* Base */ = {isa = PBXFileReference; lastKnownFileType = file.storyboard; name = Base; path = Base.lproj/LaunchScreen.storyboard; sourceTree = "<group>"; };
		9CEDBFC6220B3E8400FD803C /* Info.plist */ = {isa = PBXFileReference; lastKnownFileType = text.plist.xml; path = Info.plist; sourceTree = "<group>"; };
		9CEDBFC7220B3E8400FD803C /* main.m */ = {isa = PBXFileReference; lastKnownFileType = sourcecode.c.objc; path = main.m; sourceTree = "<group>"; };
		9CEDBFDC220B457000FD803C /* UITextFieldDelegateProxy.h */ = {isa = PBXFileReference; lastKnownFileType = sourcecode.c.h; path = UITextFieldDelegateProxy.h; sourceTree = "<group>"; };
		9CEDBFDD220B457000FD803C /* UITextFieldDelegateProxy.m */ = {isa = PBXFileReference; lastKnownFileType = sourcecode.c.objc; path = UITextFieldDelegateProxy.m; sourceTree = "<group>"; };
		9CEDBFE3220B530A00FD803C /* TextFieldHandleTests.xctest */ = {isa = PBXFileReference; explicitFileType = wrapper.cfbundle; includeInIndex = 0; path = TextFieldHandleTests.xctest; sourceTree = BUILT_PRODUCTS_DIR; };
		9CEDBFE7220B530A00FD803C /* Info.plist */ = {isa = PBXFileReference; lastKnownFileType = text.plist.xml; path = Info.plist; sourceTree = "<group>"; };
		9CEDBFED220B6B9F00FD803C /* UITextField+HandleTextInput.h */ = {isa = PBXFileReference; lastKnownFileType = sourcecode.c.h; path = "UITextField+HandleTextInput.h"; sourceTree = "<group>"; };
		9CEDBFEE220B6B9F00FD803C /* UITextField+HandleTextInput.m */ = {isa = PBXFileReference; lastKnownFileType = sourcecode.c.objc; path = "UITextField+HandleTextInput.m"; sourceTree = "<group>"; };
/* End PBXFileReference section */

/* Begin PBXFrameworksBuildPhase section */
		9CEDBFB2220B3E8300FD803C /* Frameworks */ = {
			isa = PBXFrameworksBuildPhase;
			buildActionMask = 2147483647;
			files = (
			);
			runOnlyForDeploymentPostprocessing = 0;
		};
		9CEDBFE0220B530A00FD803C /* Frameworks */ = {
			isa = PBXFrameworksBuildPhase;
			buildActionMask = 2147483647;
			files = (
			);
			runOnlyForDeploymentPostprocessing = 0;
		};
/* End PBXFrameworksBuildPhase section */

/* Begin PBXGroup section */
		9CEDBFAC220B3E8300FD803C = {
			isa = PBXGroup;
			children = (
				9CEDBFB7220B3E8300FD803C /* TextFieldHandle */,
				9CEDBFE4220B530A00FD803C /* TextFieldHandleTests */,
				9CEDBFB6220B3E8300FD803C /* Products */,
			);
			sourceTree = "<group>";
		};
		9CEDBFB6220B3E8300FD803C /* Products */ = {
			isa = PBXGroup;
			children = (
				9CEDBFB5220B3E8300FD803C /* TextFieldHandle.app */,
				9CEDBFE3220B530A00FD803C /* TextFieldHandleTests.xctest */,
			);
			name = Products;
			sourceTree = "<group>";
		};
		9CEDBFB7220B3E8300FD803C /* TextFieldHandle */ = {
			isa = PBXGroup;
			children = (
				9CEDBFB8220B3E8300FD803C /* AppDelegate.h */,
				9CEDBFB9220B3E8300FD803C /* AppDelegate.m */,
				9CEDBFBB220B3E8300FD803C /* ViewController.h */,
				9CEDBFBC220B3E8300FD803C /* ViewController.m */,
				9CEDBFDC220B457000FD803C /* UITextFieldDelegateProxy.h */,
				9CEDBFDD220B457000FD803C /* UITextFieldDelegateProxy.m */,
				9CEDBFED220B6B9F00FD803C /* UITextField+HandleTextInput.h */,
				9CEDBFEE220B6B9F00FD803C /* UITextField+HandleTextInput.m */,
				9CEDBFC1220B3E8400FD803C /* Assets.xcassets */,
				9CEDBFC3220B3E8400FD803C /* LaunchScreen.storyboard */,
				9CEDBFC6220B3E8400FD803C /* Info.plist */,
				9CEDBFC7220B3E8400FD803C /* main.m */,
			);
			path = TextFieldHandle;
			sourceTree = "<group>";
		};
		9CEDBFE4220B530A00FD803C /* TextFieldHandleTests */ = {
			isa = PBXGroup;
			children = (
				9C9BCDF4220C7A89003E996D /* TextFieldHandleTests.m */,
				9CEDBFE7220B530A00FD803C /* Info.plist */,
			);
			path = TextFieldHandleTests;
			sourceTree = "<group>";
		};
/* End PBXGroup section */

/* Begin PBXNativeTarget section */
		9CEDBFB4220B3E8300FD803C /* TextFieldHandle */ = {
			isa = PBXNativeTarget;
			buildConfigurationList = 9CEDBFD6220B3E8400FD803C /* Build configuration list for PBXNativeTarget "TextFieldHandle" */;
			buildPhases = (
				9CEDBFB1220B3E8300FD803C /* Sources */,
				9CEDBFB2220B3E8300FD803C /* Frameworks */,
				9CEDBFB3220B3E8300FD803C /* Resources */,
			);
			buildRules = (
			);
			dependencies = (
			);
			name = TextFieldHandle;
			productName = TextFieldHandle;
			productReference = 9CEDBFB5220B3E8300FD803C /* TextFieldHandle.app */;
			productType = "com.apple.product-type.application";
		};
		9CEDBFE2220B530A00FD803C /* TextFieldHandleTests */ = {
			isa = PBXNativeTarget;
			buildConfigurationList = 9CEDBFEA220B530A00FD803C /* Build configuration list for PBXNativeTarget "TextFieldHandleTests" */;
			buildPhases = (
				9CEDBFDF220B530A00FD803C /* Sources */,
				9CEDBFE0220B530A00FD803C /* Frameworks */,
				9CEDBFE1220B530A00FD803C /* Resources */,
			);
			buildRules = (
			);
			dependencies = (
				9CEDBFE9220B530A00FD803C /* PBXTargetDependency */,
			);
			name = TextFieldHandleTests;
			productName = TextFieldHandleTests;
			productReference = 9CEDBFE3220B530A00FD803C /* TextFieldHandleTests.xctest */;
			productType = "com.apple.product-type.bundle.unit-test";
		};
/* End PBXNativeTarget section */

/* Begin PBXProject section */
		9CEDBFAD220B3E8300FD803C /* Project object */ = {
			isa = PBXProject;
			attributes = {
				LastUpgradeCheck = 1010;
				ORGANIZATIONNAME = Kravtsov;
				TargetAttributes = {
					9CEDBFB4220B3E8300FD803C = {
						CreatedOnToolsVersion = 10.1;
					};
					9CEDBFE2220B530A00FD803C = {
						CreatedOnToolsVersion = 10.1;
						TestTargetID = 9CEDBFB4220B3E8300FD803C;
					};
				};
			};
			buildConfigurationList = 9CEDBFB0220B3E8300FD803C /* Build configuration list for PBXProject "TextFieldHandle" */;
			compatibilityVersion = "Xcode 9.3";
			developmentRegion = en;
			hasScannedForEncodings = 0;
			knownRegions = (
				en,
				Base,
			);
			mainGroup = 9CEDBFAC220B3E8300FD803C;
			productRefGroup = 9CEDBFB6220B3E8300FD803C /* Products */;
			projectDirPath = "";
			projectRoot = "";
			targets = (
				9CEDBFB4220B3E8300FD803C /* TextFieldHandle */,
				9CEDBFE2220B530A00FD803C /* TextFieldHandleTests */,
			);
		};
/* End PBXProject section */

/* Begin PBXResourcesBuildPhase section */
		9CEDBFB3220B3E8300FD803C /* Resources */ = {
			isa = PBXResourcesBuildPhase;
			buildActionMask = 2147483647;
			files = (
				9CEDBFC5220B3E8400FD803C /* LaunchScreen.storyboard in Resources */,
				9CEDBFC2220B3E8400FD803C /* Assets.xcassets in Resources */,
			);
			runOnlyForDeploymentPostprocessing = 0;
		};
		9CEDBFE1220B530A00FD803C /* Resources */ = {
			isa = PBXResourcesBuildPhase;
			buildActionMask = 2147483647;
			files = (
			);
			runOnlyForDeploymentPostprocessing = 0;
		};
/* End PBXResourcesBuildPhase section */

/* Begin PBXSourcesBuildPhase section */
		9CEDBFB1220B3E8300FD803C /* Sources */ = {
			isa = PBXSourcesBuildPhase;
			buildActionMask = 2147483647;
			files = (
				9CEDBFDE220B457000FD803C /* UITextFieldDelegateProxy.m in Sources */,
				9CEDBFBD220B3E8300FD803C /* ViewController.m in Sources */,
				9CEDBFC8220B3E8400FD803C /* main.m in Sources */,
				9CEDBFEF220B6B9F00FD803C /* UITextField+HandleTextInput.m in Sources */,
				9CEDBFBA220B3E8300FD803C /* AppDelegate.m in Sources */,
			);
			runOnlyForDeploymentPostprocessing = 0;
		};
		9CEDBFDF220B530A00FD803C /* Sources */ = {
			isa = PBXSourcesBuildPhase;
			buildActionMask = 2147483647;
			files = (
				9C9BCDF5220C7A89003E996D /* TextFieldHandleTests.m in Sources */,
			);
			runOnlyForDeploymentPostprocessing = 0;
		};
/* End PBXSourcesBuildPhase section */

/* Begin PBXTargetDependency section */
		9CEDBFE9220B530A00FD803C /* PBXTargetDependency */ = {
			isa = PBXTargetDependency;
			target = 9CEDBFB4220B3E8300FD803C /* TextFieldHandle */;
			targetProxy = 9CEDBFE8220B530A00FD803C /* PBXContainerItemProxy */;
		};
/* End PBXTargetDependency section */

/* Begin PBXVariantGroup section */
		9CEDBFC3220B3E8400FD803C /* LaunchScreen.storyboard */ = {
			isa = PBXVariantGroup;
			children = (
				9CEDBFC4220B3E8400FD803C /* Base */,
			);
			name = LaunchScreen.storyboard;
			sourceTree = "<group>";
		};
/* End PBXVariantGroup section */

/* Begin XCBuildConfiguration section */
		9CEDBFD4220B3E8400FD803C /* Debug */ = {
			isa = XCBuildConfiguration;
			buildSettings = {
				ALWAYS_SEARCH_USER_PATHS = NO;
				CLANG_ANALYZER_NONNULL = YES;
				CLANG_ANALYZER_NUMBER_OBJECT_CONVERSION = YES_AGGRESSIVE;
				CLANG_CXX_LANGUAGE_STANDARD = "gnu++14";
				CLANG_CXX_LIBRARY = "libc++";
				CLANG_ENABLE_MODULES = YES;
				CLANG_ENABLE_OBJC_ARC = YES;
				CLANG_ENABLE_OBJC_WEAK = YES;
				CLANG_WARN_BLOCK_CAPTURE_AUTORELEASING = YES;
				CLANG_WARN_BOOL_CONVERSION = YES;
				CLANG_WARN_COMMA = YES;
				CLANG_WARN_CONSTANT_CONVERSION = YES;
				CLANG_WARN_DEPRECATED_OBJC_IMPLEMENTATIONS = YES;
				CLANG_WARN_DIRECT_OBJC_ISA_USAGE = YES_ERROR;
				CLANG_WARN_DOCUMENTATION_COMMENTS = YES;
				CLANG_WARN_EMPTY_BODY = YES;
				CLANG_WARN_ENUM_CONVERSION = YES;
				CLANG_WARN_INFINITE_RECURSION = YES;
				CLANG_WARN_INT_CONVERSION = YES;
				CLANG_WARN_NON_LITERAL_NULL_CONVERSION = YES;
				CLANG_WARN_OBJC_IMPLICIT_RETAIN_SELF = YES;
				CLANG_WARN_OBJC_LITERAL_CONVERSION = YES;
				CLANG_WARN_OBJC_ROOT_CLASS = YES_ERROR;
				CLANG_WARN_RANGE_LOOP_ANALYSIS = YES;
				CLANG_WARN_STRICT_PROTOTYPES = YES;
				CLANG_WARN_SUSPICIOUS_MOVE = YES;
				CLANG_WARN_UNGUARDED_AVAILABILITY = YES_AGGRESSIVE;
				CLANG_WARN_UNREACHABLE_CODE = YES;
				CLANG_WARN__DUPLICATE_METHOD_MATCH = YES;
				CODE_SIGN_IDENTITY = "iPhone Developer";
				COPY_PHASE_STRIP = NO;
				DEBUG_INFORMATION_FORMAT = dwarf;
				ENABLE_STRICT_OBJC_MSGSEND = YES;
				ENABLE_TESTABILITY = YES;
				GCC_C_LANGUAGE_STANDARD = gnu11;
				GCC_DYNAMIC_NO_PIC = NO;
				GCC_NO_COMMON_BLOCKS = YES;
				GCC_OPTIMIZATION_LEVEL = 0;
				GCC_PREPROCESSOR_DEFINITIONS = (
					"DEBUG=1",
					"$(inherited)",
				);
				GCC_WARN_64_TO_32_BIT_CONVERSION = YES;
				GCC_WARN_ABOUT_RETURN_TYPE = YES_ERROR;
				GCC_WARN_UNDECLARED_SELECTOR = YES;
				GCC_WARN_UNINITIALIZED_AUTOS = YES_AGGRESSIVE;
				GCC_WARN_UNUSED_FUNCTION = YES;
				GCC_WARN_UNUSED_VARIABLE = YES;
				IPHONEOS_DEPLOYMENT_TARGET = 12.1;
				MTL_ENABLE_DEBUG_INFO = INCLUDE_SOURCE;
				MTL_FAST_MATH = YES;
				ONLY_ACTIVE_ARCH = YES;
				SDKROOT = iphoneos;
			};
			name = Debug;
		};
		9CEDBFD5220B3E8400FD803C /* Release */ = {
			isa = XCBuildConfiguration;
			buildSettings = {
				ALWAYS_SEARCH_USER_PATHS = NO;
				CLANG_ANALYZER_NONNULL = YES;
				CLANG_ANALYZER_NUMBER_OBJECT_CONVERSION = YES_AGGRESSIVE;
				CLANG_CXX_LANGUAGE_STANDARD = "gnu++14";
				CLANG_CXX_LIBRARY = "libc++";
				CLANG_ENABLE_MODULES = YES;
				CLANG_ENABLE_OBJC_ARC = YES;
				CLANG_ENABLE_OBJC_WEAK = YES;
				CLANG_WARN_BLOCK_CAPTURE_AUTORELEASING = YES;
				CLANG_WARN_BOOL_CONVERSION = YES;
				CLANG_WARN_COMMA = YES;
				CLANG_WARN_CONSTANT_CONVERSION = YES;
				CLANG_WARN_DEPRECATED_OBJC_IMPLEMENTATIONS = YES;
				CLANG_WARN_DIRECT_OBJC_ISA_USAGE = YES_ERROR;
				CLANG_WARN_DOCUMENTATION_COMMENTS = YES;
				CLANG_WARN_EMPTY_BODY = YES;
				CLANG_WARN_ENUM_CONVERSION = YES;
				CLANG_WARN_INFINITE_RECURSION = YES;
				CLANG_WARN_INT_CONVERSION = YES;
				CLANG_WARN_NON_LITERAL_NULL_CONVERSION = YES;
				CLANG_WARN_OBJC_IMPLICIT_RETAIN_SELF = YES;
				CLANG_WARN_OBJC_LITERAL_CONVERSION = YES;
				CLANG_WARN_OBJC_ROOT_CLASS = YES_ERROR;
				CLANG_WARN_RANGE_LOOP_ANALYSIS = YES;
				CLANG_WARN_STRICT_PROTOTYPES = YES;
				CLANG_WARN_SUSPICIOUS_MOVE = YES;
				CLANG_WARN_UNGUARDED_AVAILABILITY = YES_AGGRESSIVE;
				CLANG_WARN_UNREACHABLE_CODE = YES;
				CLANG_WARN__DUPLICATE_METHOD_MATCH = YES;
				CODE_SIGN_IDENTITY = "iPhone Developer";
				COPY_PHASE_STRIP = NO;
				DEBUG_INFORMATION_FORMAT = "dwarf-with-dsym";
				ENABLE_NS_ASSERTIONS = NO;
				ENABLE_STRICT_OBJC_MSGSEND = YES;
				GCC_C_LANGUAGE_STANDARD = gnu11;
				GCC_NO_COMMON_BLOCKS = YES;
				GCC_WARN_64_TO_32_BIT_CONVERSION = YES;
				GCC_WARN_ABOUT_RETURN_TYPE = YES_ERROR;
				GCC_WARN_UNDECLARED_SELECTOR = YES;
				GCC_WARN_UNINITIALIZED_AUTOS = YES_AGGRESSIVE;
				GCC_WARN_UNUSED_FUNCTION = YES;
				GCC_WARN_UNUSED_VARIABLE = YES;
				IPHONEOS_DEPLOYMENT_TARGET = 12.1;
				MTL_ENABLE_DEBUG_INFO = NO;
				MTL_FAST_MATH = YES;
				SDKROOT = iphoneos;
				VALIDATE_PRODUCT = YES;
			};
			name = Release;
		};
		9CEDBFD7220B3E8400FD803C /* Debug */ = {
			isa = XCBuildConfiguration;
			buildSettings = {
				ASSETCATALOG_COMPILER_APPICON_NAME = AppIcon;
				CODE_SIGN_STYLE = Automatic;
				DEVELOPMENT_TEAM = 83W65ZB2H6;
				INFOPLIST_FILE = "$(SRCROOT)/TextFieldHandle/Info.plist";
				LD_RUNPATH_SEARCH_PATHS = (
					"$(inherited)",
					"@executable_path/Frameworks",
				);
				PRODUCT_BUNDLE_IDENTIFIER = kravtsov.TextFieldHandle;
				PRODUCT_NAME = "$(TARGET_NAME)";
				TARGETED_DEVICE_FAMILY = "1,2";
			};
			name = Debug;
		};
		9CEDBFD8220B3E8400FD803C /* Release */ = {
			isa = XCBuildConfiguration;
			buildSettings = {
				ASSETCATALOG_COMPILER_APPICON_NAME = AppIcon;
				CODE_SIGN_STYLE = Automatic;
				DEVELOPMENT_TEAM = 83W65ZB2H6;
				INFOPLIST_FILE = "$(SRCROOT)/TextFieldHandle/Info.plist";
				LD_RUNPATH_SEARCH_PATHS = (
					"$(inherited)",
					"@executable_path/Frameworks",
				);
				PRODUCT_BUNDLE_IDENTIFIER = kravtsov.TextFieldHandle;
				PRODUCT_NAME = "$(TARGET_NAME)";
				TARGETED_DEVICE_FAMILY = "1,2";
			};
			name = Release;
		};
		9CEDBFEB220B530A00FD803C /* Debug */ = {
			isa = XCBuildConfiguration;
			buildSettings = {
				BUNDLE_LOADER = "$(TEST_HOST)";
				CODE_SIGN_STYLE = Automatic;
				INFOPLIST_FILE = TextFieldHandleTests/Info.plist;
				LD_RUNPATH_SEARCH_PATHS = (
					"$(inherited)",
					"@executable_path/Frameworks",
					"@loader_path/Frameworks",
				);
				PRODUCT_BUNDLE_IDENTIFIER = kravtsov.TextFieldHandleTests;
				PRODUCT_NAME = "$(TARGET_NAME)";
				TARGETED_DEVICE_FAMILY = "1,2";
				TEST_HOST = "$(BUILT_PRODUCTS_DIR)/TextFieldHandle.app/TextFieldHandle";
			};
			name = Debug;
		};
		9CEDBFEC220B530A00FD803C /* Release */ = {
			isa = XCBuildConfiguration;
			buildSettings = {
				BUNDLE_LOADER = "$(TEST_HOST)";
				CODE_SIGN_STYLE = Automatic;
				INFOPLIST_FILE = TextFieldHandleTests/Info.plist;
				LD_RUNPATH_SEARCH_PATHS = (
					"$(inherited)",
					"@executable_path/Frameworks",
					"@loader_path/Frameworks",
				);
				PRODUCT_BUNDLE_IDENTIFIER = kravtsov.TextFieldHandleTests;
				PRODUCT_NAME = "$(TARGET_NAME)";
				TARGETED_DEVICE_FAMILY = "1,2";
				TEST_HOST = "$(BUILT_PRODUCTS_DIR)/TextFieldHandle.app/TextFieldHandle";
			};
			name = Release;
		};
/* End XCBuildConfiguration section */

/* Begin XCConfigurationList section */
		9CEDBFB0220B3E8300FD803C /* Build configuration list for PBXProject "TextFieldHandle" */ = {
			isa = XCConfigurationList;
			buildConfigurations = (
				9CEDBFD4220B3E8400FD803C /* Debug */,
				9CEDBFD5220B3E8400FD803C /* Release */,
			);
			defaultConfigurationIsVisible = 0;
			defaultConfigurationName = Release;
		};
		9CEDBFD6220B3E8400FD803C /* Build configuration list for PBXNativeTarget "TextFieldHandle" */ = {
			isa = XCConfigurationList;
			buildConfigurations = (
				9CEDBFD7220B3E8400FD803C /* Debug */,
				9CEDBFD8220B3E8400FD803C /* Release */,
			);
			defaultConfigurationIsVisible = 0;
			defaultConfigurationName = Release;
		};
		9CEDBFEA220B530A00FD803C /* Build configuration list for PBXNativeTarget "TextFieldHandleTests" */ = {
			isa = XCConfigurationList;
			buildConfigurations = (
				9CEDBFEB220B530A00FD803C /* Debug */,
				9CEDBFEC220B530A00FD803C /* Release */,
			);
			defaultConfigurationIsVisible = 0;
			defaultConfigurationName = Release;
		};
/* End XCConfigurationList section */
	};
	rootObject = 9CEDBFAD220B3E8300FD803C /* Project object */;
}
